// !$*UTF8*$!
{
	archiveVersion = 1;
	classes = {
	};
	objectVersion = 56;
	objects = {

/* Begin PBXBuildFile section */
		C61391D02B7D83E300D23FCE /* TopCoinsRow.swift in Sources */ = {isa = PBXBuildFile; fileRef = C61391CF2B7D83E300D23FCE /* TopCoinsRow.swift */; };
		C62A97C22B82CA0A001D340A /* Statistic.swift in Sources */ = {isa = PBXBuildFile; fileRef = C62A97C12B82CA0A001D340A /* Statistic.swift */; };
		C62A97C42B82CC02001D340A /* StatisticRow.swift in Sources */ = {isa = PBXBuildFile; fileRef = C62A97C32B82CC02001D340A /* StatisticRow.swift */; };
		C62A97C62B82D523001D340A /* HomeStats.swift in Sources */ = {isa = PBXBuildFile; fileRef = C62A97C52B82D523001D340A /* HomeStats.swift */; };
		C63C45252B8817B800F7C5DD /* CoinDetail.swift in Sources */ = {isa = PBXBuildFile; fileRef = C63C45242B8817B800F7C5DD /* CoinDetail.swift */; };
		C63C45272B881B3B00F7C5DD /* DetailViewModel.swift in Sources */ = {isa = PBXBuildFile; fileRef = C63C45262B881B3B00F7C5DD /* DetailViewModel.swift */; };
		C63C45292B881E9700F7C5DD /* CoinDetailWebService.swift in Sources */ = {isa = PBXBuildFile; fileRef = C63C45282B881E9700F7C5DD /* CoinDetailWebService.swift */; };
		C648BD272B84DC11004A9D8D /* HapticManager.swift in Sources */ = {isa = PBXBuildFile; fileRef = C648BD262B84DC11004A9D8D /* HapticManager.swift */; };
		C64B7EDF2B795CA8007BE551 /* HomeView.swift in Sources */ = {isa = PBXBuildFile; fileRef = C64B7EDE2B795CA8007BE551 /* HomeView.swift */; };
		C64B7EE42B795DFF007BE551 /* CircleButton.swift in Sources */ = {isa = PBXBuildFile; fileRef = C64B7EE32B795DFF007BE551 /* CircleButton.swift */; };
		C64B7EE62B7982DC007BE551 /* CircleButtonAnimation.swift in Sources */ = {isa = PBXBuildFile; fileRef = C64B7EE52B7982DC007BE551 /* CircleButtonAnimation.swift */; };
		C689E6032B90BD0A00622B97 /* ChartView.swift in Sources */ = {isa = PBXBuildFile; fileRef = C689E6022B90BD0A00622B97 /* ChartView.swift */; };
		C689E6052B90CABD00622B97 /* Date+Extension.swift in Sources */ = {isa = PBXBuildFile; fileRef = C689E6042B90CABD00622B97 /* Date+Extension.swift */; };
		C691DA4B2B8633A20079867A /* DetailView.swift in Sources */ = {isa = PBXBuildFile; fileRef = C691DA4A2B8633A20079867A /* DetailView.swift */; };
		C695765C2B8385730092B6AF /* MarketData.swift in Sources */ = {isa = PBXBuildFile; fileRef = C695765B2B8385730092B6AF /* MarketData.swift */; };
		C69F66192B7BF34600B45FB6 /* Coin.swift in Sources */ = {isa = PBXBuildFile; fileRef = C69F66182B7BF34600B45FB6 /* Coin.swift */; };
		C69F661B2B7BFF8E00B45FB6 /* MockData.swift in Sources */ = {isa = PBXBuildFile; fileRef = C69F661A2B7BFF8E00B45FB6 /* MockData.swift */; };
		C69F661E2B7C01BC00B45FB6 /* CoinRow.swift in Sources */ = {isa = PBXBuildFile; fileRef = C69F661D2B7C01BC00B45FB6 /* CoinRow.swift */; };
		C69F66202B7C0CFE00B45FB6 /* Double+Extension.swift in Sources */ = {isa = PBXBuildFile; fileRef = C69F661F2B7C0CFE00B45FB6 /* Double+Extension.swift */; };
		C69F66232B7C12ED00B45FB6 /* Sizes.swift in Sources */ = {isa = PBXBuildFile; fileRef = C69F66222B7C12ED00B45FB6 /* Sizes.swift */; };
		C6A9A2F72B7E510100A3226C /* ErrorCases.swift in Sources */ = {isa = PBXBuildFile; fileRef = C6A9A2F62B7E510100A3226C /* ErrorCases.swift */; };
		C6A9A2F92B7E517000A3226C /* CoinsWebService.swift in Sources */ = {isa = PBXBuildFile; fileRef = C6A9A2F82B7E517000A3226C /* CoinsWebService.swift */; };
		C6A9A2FB2B7E55BB00A3226C /* LoadingView.swift in Sources */ = {isa = PBXBuildFile; fileRef = C6A9A2FA2B7E55BB00A3226C /* LoadingView.swift */; };
		C6C2507E2B8CF5F0004EFA19 /* String+Extension.swift in Sources */ = {isa = PBXBuildFile; fileRef = C6C2507D2B8CF5F0004EFA19 /* String+Extension.swift */; };
		C6C6C41B2B77B1350024FF54 /* DataCryptoApp.swift in Sources */ = {isa = PBXBuildFile; fileRef = C6C6C41A2B77B1350024FF54 /* DataCryptoApp.swift */; };
		C6C6C41D2B77B1350024FF54 /* ContentView.swift in Sources */ = {isa = PBXBuildFile; fileRef = C6C6C41C2B77B1350024FF54 /* ContentView.swift */; };
		C6C6C41F2B77B1390024FF54 /* Assets.xcassets in Resources */ = {isa = PBXBuildFile; fileRef = C6C6C41E2B77B1390024FF54 /* Assets.xcassets */; };
		C6C6C4222B77B1390024FF54 /* Preview Assets.xcassets in Resources */ = {isa = PBXBuildFile; fileRef = C6C6C4212B77B1390024FF54 /* Preview Assets.xcassets */; };
		C6C6C42B2B77BEA20024FF54 /* Color+Extension.swift in Sources */ = {isa = PBXBuildFile; fileRef = C6C6C42A2B77BEA20024FF54 /* Color+Extension.swift */; };
		C6D1C25D2B8023C100B67358 /* ImageRetreiver.swift in Sources */ = {isa = PBXBuildFile; fileRef = C6D1C25C2B8023C100B67358 /* ImageRetreiver.swift */; };
		C6D1C2602B80252900B67358 /* ImageCache.swift in Sources */ = {isa = PBXBuildFile; fileRef = C6D1C25F2B80252900B67358 /* ImageCache.swift */; };
		C6D1C2622B80278B00B67358 /* CachedImagesManager.swift in Sources */ = {isa = PBXBuildFile; fileRef = C6D1C2612B80278B00B67358 /* CachedImagesManager.swift */; };
		C6DA326B2B85534900939EDC /* SortOptions.swift in Sources */ = {isa = PBXBuildFile; fileRef = C6DA326A2B85534900939EDC /* SortOptions.swift */; };
		C6ED59592B80E82D00747222 /* CachedImage.swift in Sources */ = {isa = PBXBuildFile; fileRef = C6ED59582B80E82D00747222 /* CachedImage.swift */; };
		C6F0054D2B7CF0390068422D /* HomeViewModel.swift in Sources */ = {isa = PBXBuildFile; fileRef = C6F0054C2B7CF0390068422D /* HomeViewModel.swift */; };
/* End PBXBuildFile section */

/* Begin PBXFileReference section */
		C61391CF2B7D83E300D23FCE /* TopCoinsRow.swift */ = {isa = PBXFileReference; lastKnownFileType = sourcecode.swift; path = TopCoinsRow.swift; sourceTree = "<group>"; };
		C62A97C12B82CA0A001D340A /* Statistic.swift */ = {isa = PBXFileReference; lastKnownFileType = sourcecode.swift; path = Statistic.swift; sourceTree = "<group>"; };
		C62A97C32B82CC02001D340A /* StatisticRow.swift */ = {isa = PBXFileReference; lastKnownFileType = sourcecode.swift; path = StatisticRow.swift; sourceTree = "<group>"; };
		C62A97C52B82D523001D340A /* HomeStats.swift */ = {isa = PBXFileReference; lastKnownFileType = sourcecode.swift; path = HomeStats.swift; sourceTree = "<group>"; };
		C63C45242B8817B800F7C5DD /* CoinDetail.swift */ = {isa = PBXFileReference; lastKnownFileType = sourcecode.swift; path = CoinDetail.swift; sourceTree = "<group>"; };
		C63C45262B881B3B00F7C5DD /* DetailViewModel.swift */ = {isa = PBXFileReference; lastKnownFileType = sourcecode.swift; path = DetailViewModel.swift; sourceTree = "<group>"; };
		C63C45282B881E9700F7C5DD /* CoinDetailWebService.swift */ = {isa = PBXFileReference; lastKnownFileType = sourcecode.swift; path = CoinDetailWebService.swift; sourceTree = "<group>"; };
		C648BD262B84DC11004A9D8D /* HapticManager.swift */ = {isa = PBXFileReference; lastKnownFileType = sourcecode.swift; path = HapticManager.swift; sourceTree = "<group>"; };
		C64B7EDE2B795CA8007BE551 /* HomeView.swift */ = {isa = PBXFileReference; lastKnownFileType = sourcecode.swift; path = HomeView.swift; sourceTree = "<group>"; };
		C64B7EE32B795DFF007BE551 /* CircleButton.swift */ = {isa = PBXFileReference; lastKnownFileType = sourcecode.swift; path = CircleButton.swift; sourceTree = "<group>"; };
		C64B7EE52B7982DC007BE551 /* CircleButtonAnimation.swift */ = {isa = PBXFileReference; lastKnownFileType = sourcecode.swift; path = CircleButtonAnimation.swift; sourceTree = "<group>"; };
		C689E6022B90BD0A00622B97 /* ChartView.swift */ = {isa = PBXFileReference; lastKnownFileType = sourcecode.swift; path = ChartView.swift; sourceTree = "<group>"; };
		C689E6042B90CABD00622B97 /* Date+Extension.swift */ = {isa = PBXFileReference; lastKnownFileType = sourcecode.swift; path = "Date+Extension.swift"; sourceTree = "<group>"; };
		C691DA4A2B8633A20079867A /* DetailView.swift */ = {isa = PBXFileReference; lastKnownFileType = sourcecode.swift; path = DetailView.swift; sourceTree = "<group>"; };
		C695765B2B8385730092B6AF /* MarketData.swift */ = {isa = PBXFileReference; lastKnownFileType = sourcecode.swift; path = MarketData.swift; sourceTree = "<group>"; };
		C69F66182B7BF34600B45FB6 /* Coin.swift */ = {isa = PBXFileReference; lastKnownFileType = sourcecode.swift; path = Coin.swift; sourceTree = "<group>"; };
		C69F661A2B7BFF8E00B45FB6 /* MockData.swift */ = {isa = PBXFileReference; lastKnownFileType = sourcecode.swift; path = MockData.swift; sourceTree = "<group>"; };
		C69F661D2B7C01BC00B45FB6 /* CoinRow.swift */ = {isa = PBXFileReference; lastKnownFileType = sourcecode.swift; path = CoinRow.swift; sourceTree = "<group>"; };
		C69F661F2B7C0CFE00B45FB6 /* Double+Extension.swift */ = {isa = PBXFileReference; lastKnownFileType = sourcecode.swift; path = "Double+Extension.swift"; sourceTree = "<group>"; };
		C69F66222B7C12ED00B45FB6 /* Sizes.swift */ = {isa = PBXFileReference; lastKnownFileType = sourcecode.swift; path = Sizes.swift; sourceTree = "<group>"; };
		C6A9A2F62B7E510100A3226C /* ErrorCases.swift */ = {isa = PBXFileReference; lastKnownFileType = sourcecode.swift; path = ErrorCases.swift; sourceTree = "<group>"; };
		C6A9A2F82B7E517000A3226C /* CoinsWebService.swift */ = {isa = PBXFileReference; lastKnownFileType = sourcecode.swift; path = CoinsWebService.swift; sourceTree = "<group>"; };
		C6A9A2FA2B7E55BB00A3226C /* LoadingView.swift */ = {isa = PBXFileReference; lastKnownFileType = sourcecode.swift; path = LoadingView.swift; sourceTree = "<group>"; };
		C6C2507D2B8CF5F0004EFA19 /* String+Extension.swift */ = {isa = PBXFileReference; lastKnownFileType = sourcecode.swift; path = "String+Extension.swift"; sourceTree = "<group>"; };
		C6C6C4172B77B1350024FF54 /* DataCrypto.app */ = {isa = PBXFileReference; explicitFileType = wrapper.application; includeInIndex = 0; path = DataCrypto.app; sourceTree = BUILT_PRODUCTS_DIR; };
		C6C6C41A2B77B1350024FF54 /* DataCryptoApp.swift */ = {isa = PBXFileReference; lastKnownFileType = sourcecode.swift; path = DataCryptoApp.swift; sourceTree = "<group>"; };
		C6C6C41C2B77B1350024FF54 /* ContentView.swift */ = {isa = PBXFileReference; lastKnownFileType = sourcecode.swift; path = ContentView.swift; sourceTree = "<group>"; };
		C6C6C41E2B77B1390024FF54 /* Assets.xcassets */ = {isa = PBXFileReference; lastKnownFileType = folder.assetcatalog; path = Assets.xcassets; sourceTree = "<group>"; };
		C6C6C4212B77B1390024FF54 /* Preview Assets.xcassets */ = {isa = PBXFileReference; lastKnownFileType = folder.assetcatalog; path = "Preview Assets.xcassets"; sourceTree = "<group>"; };
		C6C6C42A2B77BEA20024FF54 /* Color+Extension.swift */ = {isa = PBXFileReference; lastKnownFileType = sourcecode.swift; path = "Color+Extension.swift"; sourceTree = "<group>"; };
		C6D1C25C2B8023C100B67358 /* ImageRetreiver.swift */ = {isa = PBXFileReference; lastKnownFileType = sourcecode.swift; path = ImageRetreiver.swift; sourceTree = "<group>"; };
		C6D1C25F2B80252900B67358 /* ImageCache.swift */ = {isa = PBXFileReference; lastKnownFileType = sourcecode.swift; path = ImageCache.swift; sourceTree = "<group>"; };
		C6D1C2612B80278B00B67358 /* CachedImagesManager.swift */ = {isa = PBXFileReference; lastKnownFileType = sourcecode.swift; path = CachedImagesManager.swift; sourceTree = "<group>"; };
		C6DA326A2B85534900939EDC /* SortOptions.swift */ = {isa = PBXFileReference; lastKnownFileType = sourcecode.swift; path = SortOptions.swift; sourceTree = "<group>"; };
		C6ED59582B80E82D00747222 /* CachedImage.swift */ = {isa = PBXFileReference; lastKnownFileType = sourcecode.swift; path = CachedImage.swift; sourceTree = "<group>"; };
		C6F0054C2B7CF0390068422D /* HomeViewModel.swift */ = {isa = PBXFileReference; lastKnownFileType = sourcecode.swift; path = HomeViewModel.swift; sourceTree = "<group>"; };
/* End PBXFileReference section */

/* Begin PBXFrameworksBuildPhase section */
		C6C6C4142B77B1350024FF54 /* Frameworks */ = {
			isa = PBXFrameworksBuildPhase;
			buildActionMask = 2147483647;
			files = (
			);
			runOnlyForDeploymentPostprocessing = 0;
		};
/* End PBXFrameworksBuildPhase section */

/* Begin PBXGroup section */
		C64B7ED92B795C30007BE551 /* Extensions */ = {
			isa = PBXGroup;
			children = (
				C6C6C42A2B77BEA20024FF54 /* Color+Extension.swift */,
				C69F661F2B7C0CFE00B45FB6 /* Double+Extension.swift */,
				C6C2507D2B8CF5F0004EFA19 /* String+Extension.swift */,
				C689E6042B90CABD00622B97 /* Date+Extension.swift */,
			);
			path = Extensions;
			sourceTree = "<group>";
		};
		C64B7EDA2B795C66007BE551 /* Core */ = {
			isa = PBXGroup;
			children = (
				C64B7EDB2B795C73007BE551 /* Home */,
				C691DA472B8633200079867A /* Detail */,
				C64B7EE02B795DC7007BE551 /* Components */,
			);
			path = Core;
			sourceTree = "<group>";
		};
		C64B7EDB2B795C73007BE551 /* Home */ = {
			isa = PBXGroup;
			children = (
				C64B7EDC2B795C80007BE551 /* Views */,
				C69F661C2B7C019000B45FB6 /* ViewModels */,
			);
			path = Home;
			sourceTree = "<group>";
		};
		C64B7EDC2B795C80007BE551 /* Views */ = {
			isa = PBXGroup;
			children = (
				C64B7EDE2B795CA8007BE551 /* HomeView.swift */,
				C61391CF2B7D83E300D23FCE /* TopCoinsRow.swift */,
				C69F661D2B7C01BC00B45FB6 /* CoinRow.swift */,
				C6A9A2FA2B7E55BB00A3226C /* LoadingView.swift */,
				C62A97C32B82CC02001D340A /* StatisticRow.swift */,
				C62A97C52B82D523001D340A /* HomeStats.swift */,
			);
			path = Views;
			sourceTree = "<group>";
		};
		C64B7EE02B795DC7007BE551 /* Components */ = {
			isa = PBXGroup;
			children = (
				C64B7EE12B795DD9007BE551 /* Circle button */,
			);
			path = Components;
			sourceTree = "<group>";
		};
		C64B7EE12B795DD9007BE551 /* Circle button */ = {
			isa = PBXGroup;
			children = (
				C64B7EE32B795DFF007BE551 /* CircleButton.swift */,
				C64B7EE52B7982DC007BE551 /* CircleButtonAnimation.swift */,
			);
			path = "Circle button";
			sourceTree = "<group>";
		};
		C691DA472B8633200079867A /* Detail */ = {
			isa = PBXGroup;
			children = (
				C691DA482B8633520079867A /* Views */,
				C691DA492B86335F0079867A /* ViewModels */,
			);
			path = Detail;
			sourceTree = "<group>";
		};
		C691DA482B8633520079867A /* Views */ = {
			isa = PBXGroup;
			children = (
				C691DA4A2B8633A20079867A /* DetailView.swift */,
				C689E6022B90BD0A00622B97 /* ChartView.swift */,
			);
			path = Views;
			sourceTree = "<group>";
		};
		C691DA492B86335F0079867A /* ViewModels */ = {
			isa = PBXGroup;
			children = (
				C63C45262B881B3B00F7C5DD /* DetailViewModel.swift */,
			);
			path = ViewModels;
			sourceTree = "<group>";
		};
		C69F66172B7BF33100B45FB6 /* Models */ = {
			isa = PBXGroup;
			children = (
				C69F66182B7BF34600B45FB6 /* Coin.swift */,
				C62A97C12B82CA0A001D340A /* Statistic.swift */,
				C695765B2B8385730092B6AF /* MarketData.swift */,
				C63C45242B8817B800F7C5DD /* CoinDetail.swift */,
				C69F661A2B7BFF8E00B45FB6 /* MockData.swift */,
				C6DA326A2B85534900939EDC /* SortOptions.swift */,
			);
			path = Models;
			sourceTree = "<group>";
		};
		C69F661C2B7C019000B45FB6 /* ViewModels */ = {
			isa = PBXGroup;
			children = (
				C6F0054C2B7CF0390068422D /* HomeViewModel.swift */,
			);
			path = ViewModels;
			sourceTree = "<group>";
		};
		C69F66212B7C12E000B45FB6 /* Utils */ = {
			isa = PBXGroup;
			children = (
				C69F66222B7C12ED00B45FB6 /* Sizes.swift */,
				C648BD262B84DC11004A9D8D /* HapticManager.swift */,
			);
			path = Utils;
			sourceTree = "<group>";
		};
		C6A9A2F52B7E50EE00A3226C /* Network */ = {
			isa = PBXGroup;
			children = (
				C6A9A2F62B7E510100A3226C /* ErrorCases.swift */,
				C6A9A2F82B7E517000A3226C /* CoinsWebService.swift */,
				C63C45282B881E9700F7C5DD /* CoinDetailWebService.swift */,
				C6D1C25E2B80251100B67358 /* Cached */,
			);
			path = Network;
			sourceTree = "<group>";
		};
		C6C6C40E2B77B1350024FF54 = {
			isa = PBXGroup;
			children = (
				C6C6C4192B77B1350024FF54 /* DataCrypto */,
				C6C6C4182B77B1350024FF54 /* Products */,
			);
			sourceTree = "<group>";
		};
		C6C6C4182B77B1350024FF54 /* Products */ = {
			isa = PBXGroup;
			children = (
				C6C6C4172B77B1350024FF54 /* DataCrypto.app */,
			);
			name = Products;
			sourceTree = "<group>";
		};
		C6C6C4192B77B1350024FF54 /* DataCrypto */ = {
			isa = PBXGroup;
			children = (
				C6C6C41A2B77B1350024FF54 /* DataCryptoApp.swift */,
				C6A9A2F52B7E50EE00A3226C /* Network */,
				C69F66212B7C12E000B45FB6 /* Utils */,
				C69F66172B7BF33100B45FB6 /* Models */,
				C64B7EDA2B795C66007BE551 /* Core */,
				C6C6C41C2B77B1350024FF54 /* ContentView.swift */,
				C64B7ED92B795C30007BE551 /* Extensions */,
				C6C6C41E2B77B1390024FF54 /* Assets.xcassets */,
				C6C6C4202B77B1390024FF54 /* Preview Content */,
			);
			path = DataCrypto;
			sourceTree = "<group>";
		};
		C6C6C4202B77B1390024FF54 /* Preview Content */ = {
			isa = PBXGroup;
			children = (
				C6C6C4212B77B1390024FF54 /* Preview Assets.xcassets */,
			);
			path = "Preview Content";
			sourceTree = "<group>";
		};
		C6D1C25E2B80251100B67358 /* Cached */ = {
			isa = PBXGroup;
			children = (
				C6D1C25C2B8023C100B67358 /* ImageRetreiver.swift */,
				C6D1C25F2B80252900B67358 /* ImageCache.swift */,
				C6D1C2612B80278B00B67358 /* CachedImagesManager.swift */,
				C6ED59582B80E82D00747222 /* CachedImage.swift */,
			);
			path = Cached;
			sourceTree = "<group>";
		};
/* End PBXGroup section */

/* Begin PBXNativeTarget section */
		C6C6C4162B77B1350024FF54 /* DataCrypto */ = {
			isa = PBXNativeTarget;
			buildConfigurationList = C6C6C4252B77B1390024FF54 /* Build configuration list for PBXNativeTarget "DataCrypto" */;
			buildPhases = (
				C6C6C4132B77B1350024FF54 /* Sources */,
				C6C6C4142B77B1350024FF54 /* Frameworks */,
				C6C6C4152B77B1350024FF54 /* Resources */,
			);
			buildRules = (
			);
			dependencies = (
			);
			name = DataCrypto;
			productName = DataCrypto;
			productReference = C6C6C4172B77B1350024FF54 /* DataCrypto.app */;
			productType = "com.apple.product-type.application";
		};
/* End PBXNativeTarget section */

/* Begin PBXProject section */
		C6C6C40F2B77B1350024FF54 /* Project object */ = {
			isa = PBXProject;
			attributes = {
				BuildIndependentTargetsInParallel = 1;
				LastSwiftUpdateCheck = 1520;
				LastUpgradeCheck = 1520;
				TargetAttributes = {
					C6C6C4162B77B1350024FF54 = {
						CreatedOnToolsVersion = 15.2;
					};
				};
			};
			buildConfigurationList = C6C6C4122B77B1350024FF54 /* Build configuration list for PBXProject "DataCrypto" */;
			compatibilityVersion = "Xcode 14.0";
			developmentRegion = en;
			hasScannedForEncodings = 0;
			knownRegions = (
				en,
				Base,
			);
			mainGroup = C6C6C40E2B77B1350024FF54;
			productRefGroup = C6C6C4182B77B1350024FF54 /* Products */;
			projectDirPath = "";
			projectRoot = "";
			targets = (
				C6C6C4162B77B1350024FF54 /* DataCrypto */,
			);
		};
/* End PBXProject section */

/* Begin PBXResourcesBuildPhase section */
		C6C6C4152B77B1350024FF54 /* Resources */ = {
			isa = PBXResourcesBuildPhase;
			buildActionMask = 2147483647;
			files = (
				C6C6C4222B77B1390024FF54 /* Preview Assets.xcassets in Resources */,
				C6C6C41F2B77B1390024FF54 /* Assets.xcassets in Resources */,
			);
			runOnlyForDeploymentPostprocessing = 0;
		};
/* End PBXResourcesBuildPhase section */

/* Begin PBXSourcesBuildPhase section */
		C6C6C4132B77B1350024FF54 /* Sources */ = {
			isa = PBXSourcesBuildPhase;
			buildActionMask = 2147483647;
			files = (
				C64B7EE42B795DFF007BE551 /* CircleButton.swift in Sources */,
				C648BD272B84DC11004A9D8D /* HapticManager.swift in Sources */,
				C63C45272B881B3B00F7C5DD /* DetailViewModel.swift in Sources */,
				C6C6C41D2B77B1350024FF54 /* ContentView.swift in Sources */,
				C6ED59592B80E82D00747222 /* CachedImage.swift in Sources */,
				C64B7EDF2B795CA8007BE551 /* HomeView.swift in Sources */,
				C6A9A2F92B7E517000A3226C /* CoinsWebService.swift in Sources */,
				C6C2507E2B8CF5F0004EFA19 /* String+Extension.swift in Sources */,
				C62A97C62B82D523001D340A /* HomeStats.swift in Sources */,
				C6C6C42B2B77BEA20024FF54 /* Color+Extension.swift in Sources */,
				C6DA326B2B85534900939EDC /* SortOptions.swift in Sources */,
				C62A97C22B82CA0A001D340A /* Statistic.swift in Sources */,
				C6D1C2622B80278B00B67358 /* CachedImagesManager.swift in Sources */,
				C64B7EE62B7982DC007BE551 /* CircleButtonAnimation.swift in Sources */,
				C69F661B2B7BFF8E00B45FB6 /* MockData.swift in Sources */,
				C61391D02B7D83E300D23FCE /* TopCoinsRow.swift in Sources */,
				C69F661E2B7C01BC00B45FB6 /* CoinRow.swift in Sources */,
				C63C45292B881E9700F7C5DD /* CoinDetailWebService.swift in Sources */,
				C6A9A2F72B7E510100A3226C /* ErrorCases.swift in Sources */,
				C62A97C42B82CC02001D340A /* StatisticRow.swift in Sources */,
				C6F0054D2B7CF0390068422D /* HomeViewModel.swift in Sources */,
				C6C6C41B2B77B1350024FF54 /* DataCryptoApp.swift in Sources */,
				C691DA4B2B8633A20079867A /* DetailView.swift in Sources */,
				C689E6052B90CABD00622B97 /* Date+Extension.swift in Sources */,
				C689E6032B90BD0A00622B97 /* ChartView.swift in Sources */,
				C695765C2B8385730092B6AF /* MarketData.swift in Sources */,
				C6D1C2602B80252900B67358 /* ImageCache.swift in Sources */,
				C69F66202B7C0CFE00B45FB6 /* Double+Extension.swift in Sources */,
				C63C45252B8817B800F7C5DD /* CoinDetail.swift in Sources */,
				C6A9A2FB2B7E55BB00A3226C /* LoadingView.swift in Sources */,
				C69F66232B7C12ED00B45FB6 /* Sizes.swift in Sources */,
				C69F66192B7BF34600B45FB6 /* Coin.swift in Sources */,
				C6D1C25D2B8023C100B67358 /* ImageRetreiver.swift in Sources */,
			);
			runOnlyForDeploymentPostprocessing = 0;
		};
/* End PBXSourcesBuildPhase section */

/* Begin XCBuildConfiguration section */
		C6C6C4232B77B1390024FF54 /* Debug */ = {
			isa = XCBuildConfiguration;
			buildSettings = {
				ALWAYS_SEARCH_USER_PATHS = NO;
				ASSETCATALOG_COMPILER_GENERATE_SWIFT_ASSET_SYMBOL_EXTENSIONS = YES;
				CLANG_ANALYZER_NONNULL = YES;
				CLANG_ANALYZER_NUMBER_OBJECT_CONVERSION = YES_AGGRESSIVE;
				CLANG_CXX_LANGUAGE_STANDARD = "gnu++20";
				CLANG_ENABLE_MODULES = YES;
				CLANG_ENABLE_OBJC_ARC = YES;
				CLANG_ENABLE_OBJC_WEAK = YES;
				CLANG_WARN_BLOCK_CAPTURE_AUTORELEASING = YES;
				CLANG_WARN_BOOL_CONVERSION = YES;
				CLANG_WARN_COMMA = YES;
				CLANG_WARN_CONSTANT_CONVERSION = YES;
				CLANG_WARN_DEPRECATED_OBJC_IMPLEMENTATIONS = YES;
				CLANG_WARN_DIRECT_OBJC_ISA_USAGE = YES_ERROR;
				CLANG_WARN_DOCUMENTATION_COMMENTS = YES;
				CLANG_WARN_EMPTY_BODY = YES;
				CLANG_WARN_ENUM_CONVERSION = YES;
				CLANG_WARN_INFINITE_RECURSION = YES;
				CLANG_WARN_INT_CONVERSION = YES;
				CLANG_WARN_NON_LITERAL_NULL_CONVERSION = YES;
				CLANG_WARN_OBJC_IMPLICIT_RETAIN_SELF = YES;
				CLANG_WARN_OBJC_LITERAL_CONVERSION = YES;
				CLANG_WARN_OBJC_ROOT_CLASS = YES_ERROR;
				CLANG_WARN_QUOTED_INCLUDE_IN_FRAMEWORK_HEADER = YES;
				CLANG_WARN_RANGE_LOOP_ANALYSIS = YES;
				CLANG_WARN_STRICT_PROTOTYPES = YES;
				CLANG_WARN_SUSPICIOUS_MOVE = YES;
				CLANG_WARN_UNGUARDED_AVAILABILITY = YES_AGGRESSIVE;
				CLANG_WARN_UNREACHABLE_CODE = YES;
				CLANG_WARN__DUPLICATE_METHOD_MATCH = YES;
				COPY_PHASE_STRIP = NO;
				DEBUG_INFORMATION_FORMAT = dwarf;
				ENABLE_STRICT_OBJC_MSGSEND = YES;
				ENABLE_TESTABILITY = YES;
				ENABLE_USER_SCRIPT_SANDBOXING = YES;
				GCC_C_LANGUAGE_STANDARD = gnu17;
				GCC_DYNAMIC_NO_PIC = NO;
				GCC_NO_COMMON_BLOCKS = YES;
				GCC_OPTIMIZATION_LEVEL = 0;
				GCC_PREPROCESSOR_DEFINITIONS = (
					"DEBUG=1",
					"$(inherited)",
				);
				GCC_WARN_64_TO_32_BIT_CONVERSION = YES;
				GCC_WARN_ABOUT_RETURN_TYPE = YES_ERROR;
				GCC_WARN_UNDECLARED_SELECTOR = YES;
				GCC_WARN_UNINITIALIZED_AUTOS = YES_AGGRESSIVE;
				GCC_WARN_UNUSED_FUNCTION = YES;
				GCC_WARN_UNUSED_VARIABLE = YES;
				IPHONEOS_DEPLOYMENT_TARGET = 17.2;
				LOCALIZATION_PREFERS_STRING_CATALOGS = YES;
				MTL_ENABLE_DEBUG_INFO = INCLUDE_SOURCE;
				MTL_FAST_MATH = YES;
				ONLY_ACTIVE_ARCH = YES;
				SDKROOT = iphoneos;
				SWIFT_ACTIVE_COMPILATION_CONDITIONS = "DEBUG $(inherited)";
				SWIFT_OPTIMIZATION_LEVEL = "-Onone";
			};
			name = Debug;
		};
		C6C6C4242B77B1390024FF54 /* Release */ = {
			isa = XCBuildConfiguration;
			buildSettings = {
				ALWAYS_SEARCH_USER_PATHS = NO;
				ASSETCATALOG_COMPILER_GENERATE_SWIFT_ASSET_SYMBOL_EXTENSIONS = YES;
				CLANG_ANALYZER_NONNULL = YES;
				CLANG_ANALYZER_NUMBER_OBJECT_CONVERSION = YES_AGGRESSIVE;
				CLANG_CXX_LANGUAGE_STANDARD = "gnu++20";
				CLANG_ENABLE_MODULES = YES;
				CLANG_ENABLE_OBJC_ARC = YES;
				CLANG_ENABLE_OBJC_WEAK = YES;
				CLANG_WARN_BLOCK_CAPTURE_AUTORELEASING = YES;
				CLANG_WARN_BOOL_CONVERSION = YES;
				CLANG_WARN_COMMA = YES;
				CLANG_WARN_CONSTANT_CONVERSION = YES;
				CLANG_WARN_DEPRECATED_OBJC_IMPLEMENTATIONS = YES;
				CLANG_WARN_DIRECT_OBJC_ISA_USAGE = YES_ERROR;
				CLANG_WARN_DOCUMENTATION_COMMENTS = YES;
				CLANG_WARN_EMPTY_BODY = YES;
				CLANG_WARN_ENUM_CONVERSION = YES;
				CLANG_WARN_INFINITE_RECURSION = YES;
				CLANG_WARN_INT_CONVERSION = YES;
				CLANG_WARN_NON_LITERAL_NULL_CONVERSION = YES;
				CLANG_WARN_OBJC_IMPLICIT_RETAIN_SELF = YES;
				CLANG_WARN_OBJC_LITERAL_CONVERSION = YES;
				CLANG_WARN_OBJC_ROOT_CLASS = YES_ERROR;
				CLANG_WARN_QUOTED_INCLUDE_IN_FRAMEWORK_HEADER = YES;
				CLANG_WARN_RANGE_LOOP_ANALYSIS = YES;
				CLANG_WARN_STRICT_PROTOTYPES = YES;
				CLANG_WARN_SUSPICIOUS_MOVE = YES;
				CLANG_WARN_UNGUARDED_AVAILABILITY = YES_AGGRESSIVE;
				CLANG_WARN_UNREACHABLE_CODE = YES;
				CLANG_WARN__DUPLICATE_METHOD_MATCH = YES;
				COPY_PHASE_STRIP = NO;
				DEBUG_INFORMATION_FORMAT = "dwarf-with-dsym";
				ENABLE_NS_ASSERTIONS = NO;
				ENABLE_STRICT_OBJC_MSGSEND = YES;
				ENABLE_USER_SCRIPT_SANDBOXING = YES;
				GCC_C_LANGUAGE_STANDARD = gnu17;
				GCC_NO_COMMON_BLOCKS = YES;
				GCC_WARN_64_TO_32_BIT_CONVERSION = YES;
				GCC_WARN_ABOUT_RETURN_TYPE = YES_ERROR;
				GCC_WARN_UNDECLARED_SELECTOR = YES;
				GCC_WARN_UNINITIALIZED_AUTOS = YES_AGGRESSIVE;
				GCC_WARN_UNUSED_FUNCTION = YES;
				GCC_WARN_UNUSED_VARIABLE = YES;
				IPHONEOS_DEPLOYMENT_TARGET = 17.2;
				LOCALIZATION_PREFERS_STRING_CATALOGS = YES;
				MTL_ENABLE_DEBUG_INFO = NO;
				MTL_FAST_MATH = YES;
				SDKROOT = iphoneos;
				SWIFT_COMPILATION_MODE = wholemodule;
				VALIDATE_PRODUCT = YES;
			};
			name = Release;
		};
		C6C6C4262B77B1390024FF54 /* Debug */ = {
			isa = XCBuildConfiguration;
			buildSettings = {
				ASSETCATALOG_COMPILER_APPICON_NAME = AppIcon;
				ASSETCATALOG_COMPILER_GLOBAL_ACCENT_COLOR_NAME = AccentColor;
				CODE_SIGN_STYLE = Automatic;
				CURRENT_PROJECT_VERSION = 1;
				DEVELOPMENT_ASSET_PATHS = "\"DataCrypto/Preview Content\"";
				DEVELOPMENT_TEAM = T2Q4YR3P44;
				ENABLE_PREVIEWS = YES;
				GENERATE_INFOPLIST_FILE = YES;
				INFOPLIST_KEY_CFBundleDisplayName = "Crypto Data";
				INFOPLIST_KEY_UIApplicationSceneManifest_Generation = YES;
				INFOPLIST_KEY_UIApplicationSupportsIndirectInputEvents = YES;
				INFOPLIST_KEY_UILaunchScreen_Generation = YES;
				INFOPLIST_KEY_UISupportedInterfaceOrientations = UIInterfaceOrientationPortrait;
				IPHONEOS_DEPLOYMENT_TARGET = 17.0;
				LD_RUNPATH_SEARCH_PATHS = (
					"$(inherited)",
					"@executable_path/Frameworks",
				);
				MARKETING_VERSION = 1.0;
				PRODUCT_BUNDLE_IDENTIFIER = mx.datafox.DataCrypto;
				PRODUCT_NAME = "$(TARGET_NAME)";
				SWIFT_EMIT_LOC_STRINGS = YES;
				SWIFT_VERSION = 5.0;
				TARGETED_DEVICE_FAMILY = "1,2";
			};
			name = Debug;
		};
		C6C6C4272B77B1390024FF54 /* Release */ = {
			isa = XCBuildConfiguration;
			buildSettings = {
				ASSETCATALOG_COMPILER_APPICON_NAME = AppIcon;
				ASSETCATALOG_COMPILER_GLOBAL_ACCENT_COLOR_NAME = AccentColor;
				CODE_SIGN_STYLE = Automatic;
				CURRENT_PROJECT_VERSION = 1;
				DEVELOPMENT_ASSET_PATHS = "\"DataCrypto/Preview Content\"";
				DEVELOPMENT_TEAM = T2Q4YR3P44;
				ENABLE_PREVIEWS = YES;
				GENERATE_INFOPLIST_FILE = YES;
				INFOPLIST_KEY_CFBundleDisplayName = "Crypto Data";
				INFOPLIST_KEY_UIApplicationSceneManifest_Generation = YES;
				INFOPLIST_KEY_UIApplicationSupportsIndirectInputEvents = YES;
				INFOPLIST_KEY_UILaunchScreen_Generation = YES;
				INFOPLIST_KEY_UISupportedInterfaceOrientations = UIInterfaceOrientationPortrait;
				IPHONEOS_DEPLOYMENT_TARGET = 17.0;
				LD_RUNPATH_SEARCH_PATHS = (
					"$(inherited)",
					"@executable_path/Frameworks",
				);
				MARKETING_VERSION = 1.0;
				PRODUCT_BUNDLE_IDENTIFIER = mx.datafox.DataCrypto;
				PRODUCT_NAME = "$(TARGET_NAME)";
				SWIFT_EMIT_LOC_STRINGS = YES;
				SWIFT_VERSION = 5.0;
				TARGETED_DEVICE_FAMILY = "1,2";
			};
			name = Release;
		};
/* End XCBuildConfiguration section */

/* Begin XCConfigurationList section */
		C6C6C4122B77B1350024FF54 /* Build configuration list for PBXProject "DataCrypto" */ = {
			isa = XCConfigurationList;
			buildConfigurations = (
				C6C6C4232B77B1390024FF54 /* Debug */,
				C6C6C4242B77B1390024FF54 /* Release */,
			);
			defaultConfigurationIsVisible = 0;
			defaultConfigurationName = Release;
		};
		C6C6C4252B77B1390024FF54 /* Build configuration list for PBXNativeTarget "DataCrypto" */ = {
			isa = XCConfigurationList;
			buildConfigurations = (
				C6C6C4262B77B1390024FF54 /* Debug */,
				C6C6C4272B77B1390024FF54 /* Release */,
			);
			defaultConfigurationIsVisible = 0;
			defaultConfigurationName = Release;
		};
/* End XCConfigurationList section */
	};
	rootObject = C6C6C40F2B77B1350024FF54 /* Project object */;
}
